
Microsoft Visual Studio Solution File, Format Version 12.00
# Visual Studio 14
VisualStudioVersion = 14.0.25420.1
MinimumVisualStudioVersion = 10.0.40219.1
Project("{2150E333-8FDC-42A3-9474-1A3956D46DE8}") = "src", "src", "{AB128A32-B838-47D4-8347-0F31BCA0ADFD}"
EndProject
Project("{2150E333-8FDC-42A3-9474-1A3956D46DE8}") = "Solution Items", "Solution Items", "{6F1766B4-9FC5-4FDD-96B6-D0A7CCA98DED}"
	ProjectSection(SolutionItems) = preProject
		global.json = global.json
	EndProjectSection
EndProject
Project("{8BB2217D-0F2D-49D1-97BC-3654ED321F3B}") = "FirstdotNetCore", "src\FirstdotNetCore\FirstdotNetCore.xproj", "{C3B618F1-C756-42D8-9344-418B543745B3}"
EndProject
Global
	GlobalSection(SolutionConfigurationPlatforms) = preSolution
		Debug|Any CPU = Debug|Any CPU
		Release|Any CPU = Release|Any CPU
	EndGlobalSection
	GlobalSection(ProjectConfigurationPlatforms) = postSolution
		{C3B618F1-C756-42D8-9344-418B543745B3}.Debug|Any CPU.ActiveCfg = Debug|Any CPU
		{C3B618F1-C756-42D8-9344-418B543745B3}.Debug|Any CPU.Build.0 = Debug|Any CPU
		{C3B618F1-C756-42D8-9344-418B543745B3}.Release|Any CPU.ActiveCfg = Release|Any CPU
		{C3B618F1-C756-42D8-9344-418B543745B3}.Release|Any CPU.Build.0 = Release|Any CPU
	EndGlobalSection
	GlobalSection(SolutionProperties) = preSolution
		HideSolutionNode = FALSE
	EndGlobalSection
	GlobalSection(NestedProjects) = preSolution
		{C3B618F1-C756-42D8-9344-418B543745B3} = {AB128A32-B838-47D4-8347-0F31BCA0ADFD}
	EndGlobalSection
EndGlobal
